
Microsoft Visual Studio Solution File, Format Version 12.00
# Visual Studio 15
VisualStudioVersion = 15.0.28010.2048
MinimumVisualStudioVersion = 10.0.40219.1
Project("{FAE04EC0-301F-11D3-BF4B-00C04F79EFBC}") = "Blazor DevExtreme.Server", "Blazor DevExtreme.Server\Blazor DevExtreme.Server.csproj", "{D7873F09-D18F-44A5-B70B-54F59BF73446}"
EndProject
Project("{FAE04EC0-301F-11D3-BF4B-00C04F79EFBC}") = "Blazor DevExtreme.App", "Blazor DevExtreme.App\Blazor DevExtreme.App.csproj", "{F31A5B0D-6CBE-4490-9D3E-BC38E9C9C41F}"
EndProject
Global
	GlobalSection(SolutionConfigurationPlatforms) = preSolution
		Debug|Any CPU = Debug|Any CPU
		Release|Any CPU = Release|Any CPU
	EndGlobalSection
	GlobalSection(ProjectConfigurationPlatforms) = postSolution
		{D7873F09-D18F-44A5-B70B-54F59BF73446}.Debug|Any CPU.ActiveCfg = Debug|Any CPU
		{D7873F09-D18F-44A5-B70B-54F59BF73446}.Debug|Any CPU.Build.0 = Debug|Any CPU
		{D7873F09-D18F-44A5-B70B-54F59BF73446}.Release|Any CPU.ActiveCfg = Release|Any CPU
		{D7873F09-D18F-44A5-B70B-54F59BF73446}.Release|Any CPU.Build.0 = Release|Any CPU
		{F31A5B0D-6CBE-4490-9D3E-BC38E9C9C41F}.Debug|Any CPU.ActiveCfg = Debug|Any CPU
		{F31A5B0D-6CBE-4490-9D3E-BC38E9C9C41F}.Debug|Any CPU.Build.0 = Debug|Any CPU
		{F31A5B0D-6CBE-4490-9D3E-BC38E9C9C41F}.Release|Any CPU.ActiveCfg = Release|Any CPU
		{F31A5B0D-6CBE-4490-9D3E-BC38E9C9C41F}.Release|Any CPU.Build.0 = Release|Any CPU
	EndGlobalSection
	GlobalSection(SolutionProperties) = preSolution
		HideSolutionNode = FALSE
	EndGlobalSection
	GlobalSection(ExtensibilityGlobals) = postSolution
		SolutionGuid = {C403907E-DF30-42ED-B4E1-BE41F2087AE8}
	EndGlobalSection
EndGlobal
